
Microsoft Visual Studio Solution File, Format Version 12.00
# Visual Studio Version 16
VisualStudioVersion = 16.0.31410.357
MinimumVisualStudioVersion = 10.0.40219.1
Project("{2150E333-8FDC-42A3-9474-1A3956D46DE8}") = "Services", "Services", "{105D5BC8-908A-4AE1-BDD5-B7921637162A}"
EndProject
Project("{2150E333-8FDC-42A3-9474-1A3956D46DE8}") = "WebApps", "WebApps", "{0F4D533D-4818-4795-9F35-0892F0F5D2C8}"
EndProject
Project("{2150E333-8FDC-42A3-9474-1A3956D46DE8}") = "Cadastros", "Cadastros", "{2EDA361C-C8DB-453F-983A-777596970D5A}"
EndProject
Project("{2150E333-8FDC-42A3-9474-1A3956D46DE8}") = "Catalogo", "Catalogo", "{22AB0D90-360D-4322-8A44-D0CD16AA5CC3}"
EndProject
Project("{2150E333-8FDC-42A3-9474-1A3956D46DE8}") = "Core", "Core", "{A54A805E-19F9-488D-9D42-80A4FEAFAB14}"
EndProject
Project("{2150E333-8FDC-42A3-9474-1A3956D46DE8}") = "Fiscal", "Fiscal", "{319BE45F-D196-4E44-8F9E-3F1232D7EBAB}"
EndProject
Project("{2150E333-8FDC-42A3-9474-1A3956D46DE8}") = "Pagamentos", "Pagamentos", "{58133E88-9738-4427-B2B1-043FA3EF76EB}"
EndProject
Project("{2150E333-8FDC-42A3-9474-1A3956D46DE8}") = "Vendas", "Vendas", "{E53D1360-20F6-4FBE-B8C5-3232E8946AEB}"
EndProject
Project("{FAE04EC0-301F-11D3-BF4B-00C04F79EFBC}") = "LeoStore.Catalogo.Domain", "src\LeoStore.Catalogo.Domain\LeoStore.Catalogo.Domain.csproj", "{A1D3076F-0636-40F6-B0B5-F4C04015C082}"
EndProject
Project("{FAE04EC0-301F-11D3-BF4B-00C04F79EFBC}") = "LeoStore.Core", "src\LeoStore.Core\LeoStore.Core.csproj", "{9E7A454D-6222-4D37-A5F0-E2464FABA459}"
EndProject
Global
	GlobalSection(SolutionConfigurationPlatforms) = preSolution
		Debug|Any CPU = Debug|Any CPU
		Release|Any CPU = Release|Any CPU
	EndGlobalSection
	GlobalSection(ProjectConfigurationPlatforms) = postSolution
		{A1D3076F-0636-40F6-B0B5-F4C04015C082}.Debug|Any CPU.ActiveCfg = Debug|Any CPU
		{A1D3076F-0636-40F6-B0B5-F4C04015C082}.Debug|Any CPU.Build.0 = Debug|Any CPU
		{A1D3076F-0636-40F6-B0B5-F4C04015C082}.Release|Any CPU.ActiveCfg = Release|Any CPU
		{A1D3076F-0636-40F6-B0B5-F4C04015C082}.Release|Any CPU.Build.0 = Release|Any CPU
		{9E7A454D-6222-4D37-A5F0-E2464FABA459}.Debug|Any CPU.ActiveCfg = Debug|Any CPU
		{9E7A454D-6222-4D37-A5F0-E2464FABA459}.Debug|Any CPU.Build.0 = Debug|Any CPU
		{9E7A454D-6222-4D37-A5F0-E2464FABA459}.Release|Any CPU.ActiveCfg = Release|Any CPU
		{9E7A454D-6222-4D37-A5F0-E2464FABA459}.Release|Any CPU.Build.0 = Release|Any CPU
	EndGlobalSection
	GlobalSection(SolutionProperties) = preSolution
		HideSolutionNode = FALSE
	EndGlobalSection
	GlobalSection(NestedProjects) = preSolution
		{2EDA361C-C8DB-453F-983A-777596970D5A} = {105D5BC8-908A-4AE1-BDD5-B7921637162A}
		{22AB0D90-360D-4322-8A44-D0CD16AA5CC3} = {105D5BC8-908A-4AE1-BDD5-B7921637162A}
		{A54A805E-19F9-488D-9D42-80A4FEAFAB14} = {105D5BC8-908A-4AE1-BDD5-B7921637162A}
		{319BE45F-D196-4E44-8F9E-3F1232D7EBAB} = {105D5BC8-908A-4AE1-BDD5-B7921637162A}
		{58133E88-9738-4427-B2B1-043FA3EF76EB} = {105D5BC8-908A-4AE1-BDD5-B7921637162A}
		{E53D1360-20F6-4FBE-B8C5-3232E8946AEB} = {105D5BC8-908A-4AE1-BDD5-B7921637162A}
		{A1D3076F-0636-40F6-B0B5-F4C04015C082} = {22AB0D90-360D-4322-8A44-D0CD16AA5CC3}
		{9E7A454D-6222-4D37-A5F0-E2464FABA459} = {A54A805E-19F9-488D-9D42-80A4FEAFAB14}
	EndGlobalSection
	GlobalSection(ExtensibilityGlobals) = postSolution
		SolutionGuid = {5C246593-126E-448F-94C8-C3A56BEC1DE6}
	EndGlobalSection
EndGlobal
